
Microsoft Visual Studio Solution File, Format Version 12.00
Project("{FAE04EC0-301F-11D3-BF4B-00C04F79EFBC}") = "Reachability_matrix_bfs_dfs", "Reachability_matrix_bfs_dfs\Reachability_matrix_bfs_dfs.csproj", "{4F4B551D-7741-41EB-9591-D95AE59950F9}"
EndProject
Global
	GlobalSection(SolutionConfigurationPlatforms) = preSolution
		Debug|Any CPU = Debug|Any CPU
		Release|Any CPU = Release|Any CPU
	EndGlobalSection
	GlobalSection(ProjectConfigurationPlatforms) = postSolution
		{4F4B551D-7741-41EB-9591-D95AE59950F9}.Debug|Any CPU.ActiveCfg = Debug|Any CPU
		{4F4B551D-7741-41EB-9591-D95AE59950F9}.Debug|Any CPU.Build.0 = Debug|Any CPU
		{4F4B551D-7741-41EB-9591-D95AE59950F9}.Release|Any CPU.ActiveCfg = Release|Any CPU
		{4F4B551D-7741-41EB-9591-D95AE59950F9}.Release|Any CPU.Build.0 = Release|Any CPU
	EndGlobalSection
EndGlobal
